
Microsoft Visual Studio Solution File, Format Version 12.00
# Visual Studio Version 17
VisualStudioVersion = 17.9.34728.123
MinimumVisualStudioVersion = 10.0.40219.1
Project("{FAE04EC0-301F-11D3-BF4B-00C04F79EFBC}") = "CoinConversion", "CoinConversion.csproj", "{ADC1F25B-2DE5-4B80-9DE9-A7BBB76DBFEB}"
EndProject
Global
	GlobalSection(SolutionConfigurationPlatforms) = preSolution
		Debug|Any CPU = Debug|Any CPU
		Release|Any CPU = Release|Any CPU
	EndGlobalSection
	GlobalSection(ProjectConfigurationPlatforms) = postSolution
		{ADC1F25B-2DE5-4B80-9DE9-A7BBB76DBFEB}.Debug|Any CPU.ActiveCfg = Debug|Any CPU
		{ADC1F25B-2DE5-4B80-9DE9-A7BBB76DBFEB}.Debug|Any CPU.Build.0 = Debug|Any CPU
		{ADC1F25B-2DE5-4B80-9DE9-A7BBB76DBFEB}.Release|Any CPU.ActiveCfg = Release|Any CPU
		{ADC1F25B-2DE5-4B80-9DE9-A7BBB76DBFEB}.Release|Any CPU.Build.0 = Release|Any CPU
	EndGlobalSection
	GlobalSection(SolutionProperties) = preSolution
		HideSolutionNode = FALSE
	EndGlobalSection
	GlobalSection(ExtensibilityGlobals) = postSolution
		SolutionGuid = {1E35766C-297C-4464-9753-59D08FF1D422}
	EndGlobalSection
EndGlobal
